Microsoft Visual Studio Solution File, Format Version 11.00
# Visual Studio 2008

Project("{8FCE85AC-CD1A-3916-A2E0-F23AB7247674}") = "MakeyMakeyGame", "Assembly-CSharp.csproj", "{445E43F8-F901-FB0A-9C20-86C550E9D931}"
EndProject
Project("{8FCE85AC-CD1A-3916-A2E0-F23AB7247674}") = "MakeyMakeyGame", "Assembly-CSharp-Editor.csproj", "{6B981DA9-045E-15B2-4C37-541B281C588C}"
EndProject
Global
	GlobalSection(SolutionConfigurationPlatforms) = preSolution
		Debug|Any CPU = Debug|Any CPU
		Release|Any CPU = Release|Any CPU
	EndGlobalSection
	GlobalSection(ProjectConfigurationPlatforms) = postSolution
		{445E43F8-F901-FB0A-9C20-86C550E9D931}.Debug|Any CPU.ActiveCfg = Debug|Any CPU
		{445E43F8-F901-FB0A-9C20-86C550E9D931}.Debug|Any CPU.Build.0 = Debug|Any CPU
		{445E43F8-F901-FB0A-9C20-86C550E9D931}.Release|Any CPU.ActiveCfg = Release|Any CPU
		{445E43F8-F901-FB0A-9C20-86C550E9D931}.Release|Any CPU.Build.0 = Release|Any CPU
		{6B981DA9-045E-15B2-4C37-541B281C588C}.Debug|Any CPU.ActiveCfg = Debug|Any CPU
		{6B981DA9-045E-15B2-4C37-541B281C588C}.Debug|Any CPU.Build.0 = Debug|Any CPU
		{6B981DA9-045E-15B2-4C37-541B281C588C}.Release|Any CPU.ActiveCfg = Release|Any CPU
		{6B981DA9-045E-15B2-4C37-541B281C588C}.Release|Any CPU.Build.0 = Release|Any CPU
	EndGlobalSection
	GlobalSection(SolutionProperties) = preSolution
		HideSolutionNode = FALSE
	EndGlobalSection
															GlobalSection(MonoDevelopProperties) = preSolution
		StartupItem = Assembly-CSharp.csproj
		Policies = $0
		$0.TextStylePolicy = $1
		$1.inheritsSet = null
		$1.scope = text/x-csharp
		$0.CSharpFormattingPolicy = $2
		$2.inheritsSet = Mono
		$2.inheritsScope = text/x-csharp
		$2.scope = text/x-csharp
		$0.TextStylePolicy = $3
		$3.FileWidth = 120
		$3.TabWidth = 4
		$3.EolMarker = Unix
		$3.inheritsSet = Mono
		$3.inheritsScope = text/plain
		$3.scope = text/plain
	EndGlobalSection

EndGlobal
